
Microsoft Visual Studio Solution File, Format Version 12.00
# Visual Studio Version 16
VisualStudioVersion = 16.0.28729.10
MinimumVisualStudioVersion = 10.0.40219.1
Project("{8BC9CEB8-8B4A-11D0-8D11-00A0C91BC942}") = "Lab 0", "Lab 0\Lab 0.vcxproj", "{AEA5C1C1-5BB0-40C8-BF56-B9AF20EEBAB5}"
EndProject
Project("{8BC9CEB8-8B4A-11D0-8D11-00A0C91BC942}") = "Lab 1", "Lab 1\Lab 1.vcxproj", "{A5A9C6A4-7DB9-4D82-99EB-AD177F3D78B9}"
EndProject
Project("{8BC9CEB8-8B4A-11D0-8D11-00A0C91BC942}") = "Lab3_tree", "Lab3\Lab3.vcxproj", "{5C009811-CD60-4ED1-A61E-460333624D85}"
EndProject
Project("{8BC9CEB8-8B4A-11D0-8D11-00A0C91BC942}") = "Lab2", "Lab2\Lab2.vcxproj", "{D92059AB-551D-4CEF-A2B5-83637C4750A1}"
EndProject
Project("{8BC9CEB8-8B4A-11D0-8D11-00A0C91BC942}") = "Ring linear list", "Ring linear list\Ring linear list.vcxproj", "{26B02619-17F4-4E43-89CB-82DCF39C8719}"
EndProject
Project("{8BC9CEB8-8B4A-11D0-8D11-00A0C91BC942}") = "BinTree", "BinTree\BinTree.vcxproj", "{FB4D322D-1BDE-404B-92E8-E7498820C91F}"
EndProject
Project("{8BC9CEB8-8B4A-11D0-8D11-00A0C91BC942}") = "Search", "Search\Search.vcxproj", "{6F30AE0D-7114-4A89-9795-CFFD586AA9D3}"
EndProject
Project("{8BC9CEB8-8B4A-11D0-8D11-00A0C91BC942}") = "Lab6_graph", "Lab6_graph\Lab6_graph.vcxproj", "{74D64C48-027F-419B-A569-C9578A254C51}"
EndProject
Project("{8BC9CEB8-8B4A-11D0-8D11-00A0C91BC942}") = "merge_sort", "merge_sort\merge_sort.vcxproj", "{7B83C92E-8B7B-4C62-ADBD-914AC91F6872}"
EndProject
Project("{8BC9CEB8-8B4A-11D0-8D11-00A0C91BC942}") = "test", "test\test.vcxproj", "{54CDA1C2-7CF7-46B7-B0A6-7EBCA78BC64D}"
EndProject
Project("{8BC9CEB8-8B4A-11D0-8D11-00A0C91BC942}") = "index search", "index search\index search.vcxproj", "{41D2F0DD-B1D8-4FE6-BE55-E5C98F930A7D}"
EndProject
Project("{8BC9CEB8-8B4A-11D0-8D11-00A0C91BC942}") = "hash function", "hash function\hash function.vcxproj", "{8B7856F0-56E5-44AE-B129-B6E9A9376E2E}"
EndProject
Project("{8BC9CEB8-8B4A-11D0-8D11-00A0C91BC942}") = "Student_friends_graphs", "Student_friends_graphs\Student_friends_graphs.vcxproj", "{0B982287-E9FA-4722-8265-0AAD241A96F1}"
EndProject
Project("{8BC9CEB8-8B4A-11D0-8D11-00A0C91BC942}") = "Algorithms on loaded graphs_aeroport", "Algorithms on loaded graphs_aeroport\Algorithms on loaded graphs_aeroport.vcxproj", "{161DA2DC-DC60-48BF-853E-D547E754D9D6}"
EndProject
Global
	GlobalSection(SolutionConfigurationPlatforms) = preSolution
		Debug|x64 = Debug|x64
		Debug|x86 = Debug|x86
		Release|x64 = Release|x64
		Release|x86 = Release|x86
	EndGlobalSection
	GlobalSection(ProjectConfigurationPlatforms) = postSolution
		{AEA5C1C1-5BB0-40C8-BF56-B9AF20EEBAB5}.Debug|x64.ActiveCfg = Debug|x64
		{AEA5C1C1-5BB0-40C8-BF56-B9AF20EEBAB5}.Debug|x64.Build.0 = Debug|x64
		{AEA5C1C1-5BB0-40C8-BF56-B9AF20EEBAB5}.Debug|x86.ActiveCfg = Debug|Win32
		{AEA5C1C1-5BB0-40C8-BF56-B9AF20EEBAB5}.Debug|x86.Build.0 = Debug|Win32
		{AEA5C1C1-5BB0-40C8-BF56-B9AF20EEBAB5}.Release|x64.ActiveCfg = Release|x64
		{AEA5C1C1-5BB0-40C8-BF56-B9AF20EEBAB5}.Release|x64.Build.0 = Release|x64
		{AEA5C1C1-5BB0-40C8-BF56-B9AF20EEBAB5}.Release|x86.ActiveCfg = Release|Win32
		{AEA5C1C1-5BB0-40C8-BF56-B9AF20EEBAB5}.Release|x86.Build.0 = Release|Win32
		{A5A9C6A4-7DB9-4D82-99EB-AD177F3D78B9}.Debug|x64.ActiveCfg = Debug|x64
		{A5A9C6A4-7DB9-4D82-99EB-AD177F3D78B9}.Debug|x64.Build.0 = Debug|x64
		{A5A9C6A4-7DB9-4D82-99EB-AD177F3D78B9}.Debug|x86.ActiveCfg = Debug|Win32
		{A5A9C6A4-7DB9-4D82-99EB-AD177F3D78B9}.Debug|x86.Build.0 = Debug|Win32
		{A5A9C6A4-7DB9-4D82-99EB-AD177F3D78B9}.Release|x64.ActiveCfg = Release|x64
		{A5A9C6A4-7DB9-4D82-99EB-AD177F3D78B9}.Release|x64.Build.0 = Release|x64
		{A5A9C6A4-7DB9-4D82-99EB-AD177F3D78B9}.Release|x86.ActiveCfg = Release|Win32
		{A5A9C6A4-7DB9-4D82-99EB-AD177F3D78B9}.Release|x86.Build.0 = Release|Win32
		{5C009811-CD60-4ED1-A61E-460333624D85}.Debug|x64.ActiveCfg = Debug|x64
		{5C009811-CD60-4ED1-A61E-460333624D85}.Debug|x64.Build.0 = Debug|x64
		{5C009811-CD60-4ED1-A61E-460333624D85}.Debug|x86.ActiveCfg = Debug|Win32
		{5C009811-CD60-4ED1-A61E-460333624D85}.Debug|x86.Build.0 = Debug|Win32
		{5C009811-CD60-4ED1-A61E-460333624D85}.Release|x64.ActiveCfg = Release|x64
		{5C009811-CD60-4ED1-A61E-460333624D85}.Release|x64.Build.0 = Release|x64
		{5C009811-CD60-4ED1-A61E-460333624D85}.Release|x86.ActiveCfg = Release|Win32
		{5C009811-CD60-4ED1-A61E-460333624D85}.Release|x86.Build.0 = Release|Win32
		{D92059AB-551D-4CEF-A2B5-83637C4750A1}.Debug|x64.ActiveCfg = Debug|x64
		{D92059AB-551D-4CEF-A2B5-83637C4750A1}.Debug|x64.Build.0 = Debug|x64
		{D92059AB-551D-4CEF-A2B5-83637C4750A1}.Debug|x86.ActiveCfg = Debug|Win32
		{D92059AB-551D-4CEF-A2B5-83637C4750A1}.Debug|x86.Build.0 = Debug|Win32
		{D92059AB-551D-4CEF-A2B5-83637C4750A1}.Release|x64.ActiveCfg = Release|x64
		{D92059AB-551D-4CEF-A2B5-83637C4750A1}.Release|x64.Build.0 = Release|x64
		{D92059AB-551D-4CEF-A2B5-83637C4750A1}.Release|x86.ActiveCfg = Release|Win32
		{D92059AB-551D-4CEF-A2B5-83637C4750A1}.Release|x86.Build.0 = Release|Win32
		{26B02619-17F4-4E43-89CB-82DCF39C8719}.Debug|x64.ActiveCfg = Debug|x64
		{26B02619-17F4-4E43-89CB-82DCF39C8719}.Debug|x64.Build.0 = Debug|x64
		{26B02619-17F4-4E43-89CB-82DCF39C8719}.Debug|x86.ActiveCfg = Debug|Win32
		{26B02619-17F4-4E43-89CB-82DCF39C8719}.Debug|x86.Build.0 = Debug|Win32
		{26B02619-17F4-4E43-89CB-82DCF39C8719}.Release|x64.ActiveCfg = Release|x64
		{26B02619-17F4-4E43-89CB-82DCF39C8719}.Release|x64.Build.0 = Release|x64
		{26B02619-17F4-4E43-89CB-82DCF39C8719}.Release|x86.ActiveCfg = Release|Win32
		{26B02619-17F4-4E43-89CB-82DCF39C8719}.Release|x86.Build.0 = Release|Win32
		{FB4D322D-1BDE-404B-92E8-E7498820C91F}.Debug|x64.ActiveCfg = Debug|x64
		{FB4D322D-1BDE-404B-92E8-E7498820C91F}.Debug|x64.Build.0 = Debug|x64
		{FB4D322D-1BDE-404B-92E8-E7498820C91F}.Debug|x86.ActiveCfg = Debug|Win32
		{FB4D322D-1BDE-404B-92E8-E7498820C91F}.Debug|x86.Build.0 = Debug|Win32
		{FB4D322D-1BDE-404B-92E8-E7498820C91F}.Release|x64.ActiveCfg = Release|x64
		{FB4D322D-1BDE-404B-92E8-E7498820C91F}.Release|x64.Build.0 = Release|x64
		{FB4D322D-1BDE-404B-92E8-E7498820C91F}.Release|x86.ActiveCfg = Release|Win32
		{FB4D322D-1BDE-404B-92E8-E7498820C91F}.Release|x86.Build.0 = Release|Win32
		{6F30AE0D-7114-4A89-9795-CFFD586AA9D3}.Debug|x64.ActiveCfg = Debug|x64
		{6F30AE0D-7114-4A89-9795-CFFD586AA9D3}.Debug|x64.Build.0 = Debug|x64
		{6F30AE0D-7114-4A89-9795-CFFD586AA9D3}.Debug|x86.ActiveCfg = Debug|Win32
		{6F30AE0D-7114-4A89-9795-CFFD586AA9D3}.Debug|x86.Build.0 = Debug|Win32
		{6F30AE0D-7114-4A89-9795-CFFD586AA9D3}.Release|x64.ActiveCfg = Release|x64
		{6F30AE0D-7114-4A89-9795-CFFD586AA9D3}.Release|x64.Build.0 = Release|x64
		{6F30AE0D-7114-4A89-9795-CFFD586AA9D3}.Release|x86.ActiveCfg = Release|Win32
		{6F30AE0D-7114-4A89-9795-CFFD586AA9D3}.Release|x86.Build.0 = Release|Win32
		{74D64C48-027F-419B-A569-C9578A254C51}.Debug|x64.ActiveCfg = Debug|x64
		{74D64C48-027F-419B-A569-C9578A254C51}.Debug|x64.Build.0 = Debug|x64
		{74D64C48-027F-419B-A569-C9578A254C51}.Debug|x86.ActiveCfg = Debug|Win32
		{74D64C48-027F-419B-A569-C9578A254C51}.Debug|x86.Build.0 = Debug|Win32
		{74D64C48-027F-419B-A569-C9578A254C51}.Release|x64.ActiveCfg = Release|x64
		{74D64C48-027F-419B-A569-C9578A254C51}.Release|x64.Build.0 = Release|x64
		{74D64C48-027F-419B-A569-C9578A254C51}.Release|x86.ActiveCfg = Release|Win32
		{74D64C48-027F-419B-A569-C9578A254C51}.Release|x86.Build.0 = Release|Win32
		{7B83C92E-8B7B-4C62-ADBD-914AC91F6872}.Debug|x64.ActiveCfg = Debug|x64
		{7B83C92E-8B7B-4C62-ADBD-914AC91F6872}.Debug|x64.Build.0 = Debug|x64
		{7B83C92E-8B7B-4C62-ADBD-914AC91F6872}.Debug|x86.ActiveCfg = Debug|Win32
		{7B83C92E-8B7B-4C62-ADBD-914AC91F6872}.Debug|x86.Build.0 = Debug|Win32
		{7B83C92E-8B7B-4C62-ADBD-914AC91F6872}.Release|x64.ActiveCfg = Release|x64
		{7B83C92E-8B7B-4C62-ADBD-914AC91F6872}.Release|x64.Build.0 = Release|x64
		{7B83C92E-8B7B-4C62-ADBD-914AC91F6872}.Release|x86.ActiveCfg = Release|Win32
		{7B83C92E-8B7B-4C62-ADBD-914AC91F6872}.Release|x86.Build.0 = Release|Win32
		{54CDA1C2-7CF7-46B7-B0A6-7EBCA78BC64D}.Debug|x64.ActiveCfg = Debug|x64
		{54CDA1C2-7CF7-46B7-B0A6-7EBCA78BC64D}.Debug|x64.Build.0 = Debug|x64
		{54CDA1C2-7CF7-46B7-B0A6-7EBCA78BC64D}.Debug|x86.ActiveCfg = Debug|Win32
		{54CDA1C2-7CF7-46B7-B0A6-7EBCA78BC64D}.Debug|x86.Build.0 = Debug|Win32
		{54CDA1C2-7CF7-46B7-B0A6-7EBCA78BC64D}.Release|x64.ActiveCfg = Release|x64
		{54CDA1C2-7CF7-46B7-B0A6-7EBCA78BC64D}.Release|x64.Build.0 = Release|x64
		{54CDA1C2-7CF7-46B7-B0A6-7EBCA78BC64D}.Release|x86.ActiveCfg = Release|Win32
		{54CDA1C2-7CF7-46B7-B0A6-7EBCA78BC64D}.Release|x86.Build.0 = Release|Win32
		{41D2F0DD-B1D8-4FE6-BE55-E5C98F930A7D}.Debug|x64.ActiveCfg = Debug|x64
		{41D2F0DD-B1D8-4FE6-BE55-E5C98F930A7D}.Debug|x64.Build.0 = Debug|x64
		{41D2F0DD-B1D8-4FE6-BE55-E5C98F930A7D}.Debug|x86.ActiveCfg = Debug|Win32
		{41D2F0DD-B1D8-4FE6-BE55-E5C98F930A7D}.Debug|x86.Build.0 = Debug|Win32
		{41D2F0DD-B1D8-4FE6-BE55-E5C98F930A7D}.Release|x64.ActiveCfg = Release|x64
		{41D2F0DD-B1D8-4FE6-BE55-E5C98F930A7D}.Release|x64.Build.0 = Release|x64
		{41D2F0DD-B1D8-4FE6-BE55-E5C98F930A7D}.Release|x86.ActiveCfg = Release|Win32
		{41D2F0DD-B1D8-4FE6-BE55-E5C98F930A7D}.Release|x86.Build.0 = Release|Win32
		{8B7856F0-56E5-44AE-B129-B6E9A9376E2E}.Debug|x64.ActiveCfg = Debug|x64
		{8B7856F0-56E5-44AE-B129-B6E9A9376E2E}.Debug|x64.Build.0 = Debug|x64
		{8B7856F0-56E5-44AE-B129-B6E9A9376E2E}.Debug|x86.ActiveCfg = Debug|Win32
		{8B7856F0-56E5-44AE-B129-B6E9A9376E2E}.Debug|x86.Build.0 = Debug|Win32
		{8B7856F0-56E5-44AE-B129-B6E9A9376E2E}.Release|x64.ActiveCfg = Release|x64
		{8B7856F0-56E5-44AE-B129-B6E9A9376E2E}.Release|x64.Build.0 = Release|x64
		{8B7856F0-56E5-44AE-B129-B6E9A9376E2E}.Release|x86.ActiveCfg = Release|Win32
		{8B7856F0-56E5-44AE-B129-B6E9A9376E2E}.Release|x86.Build.0 = Release|Win32
		{0B982287-E9FA-4722-8265-0AAD241A96F1}.Debug|x64.ActiveCfg = Debug|x64
		{0B982287-E9FA-4722-8265-0AAD241A96F1}.Debug|x64.Build.0 = Debug|x64
		{0B982287-E9FA-4722-8265-0AAD241A96F1}.Debug|x86.ActiveCfg = Debug|Win32
		{0B982287-E9FA-4722-8265-0AAD241A96F1}.Debug|x86.Build.0 = Debug|Win32
		{0B982287-E9FA-4722-8265-0AAD241A96F1}.Release|x64.ActiveCfg = Release|x64
		{0B982287-E9FA-4722-8265-0AAD241A96F1}.Release|x64.Build.0 = Release|x64
		{0B982287-E9FA-4722-8265-0AAD241A96F1}.Release|x86.ActiveCfg = Release|Win32
		{0B982287-E9FA-4722-8265-0AAD241A96F1}.Release|x86.Build.0 = Release|Win32
		{161DA2DC-DC60-48BF-853E-D547E754D9D6}.Debug|x64.ActiveCfg = Debug|x64
		{161DA2DC-DC60-48BF-853E-D547E754D9D6}.Debug|x64.Build.0 = Debug|x64
		{161DA2DC-DC60-48BF-853E-D547E754D9D6}.Debug|x86.ActiveCfg = Debug|Win32
		{161DA2DC-DC60-48BF-853E-D547E754D9D6}.Debug|x86.Build.0 = Debug|Win32
		{161DA2DC-DC60-48BF-853E-D547E754D9D6}.Release|x64.ActiveCfg = Release|x64
		{161DA2DC-DC60-48BF-853E-D547E754D9D6}.Release|x64.Build.0 = Release|x64
		{161DA2DC-DC60-48BF-853E-D547E754D9D6}.Release|x86.ActiveCfg = Release|Win32
		{161DA2DC-DC60-48BF-853E-D547E754D9D6}.Release|x86.Build.0 = Release|Win32
	EndGlobalSection
	GlobalSection(SolutionProperties) = preSolution
		HideSolutionNode = FALSE
	EndGlobalSection
	GlobalSection(ExtensibilityGlobals) = postSolution
		SolutionGuid = {5C37BEAA-286B-4B56-B8A5-6747748D24A6}
	EndGlobalSection
EndGlobal
